
Microsoft Visual Studio Solution File, Format Version 12.00
# Visual Studio Version 17
VisualStudioVersion = 17.8.34309.116
MinimumVisualStudioVersion = 10.0.40219.1
Project("{888888A0-9F3D-457C-B088-3A5042F75D52}") = "Arithmetic arranger", "Arithmetic arranger.pyproj", "{ED2C47E2-7837-4FE4-A2CD-BF871718D77D}"
EndProject
Global
	GlobalSection(SolutionConfigurationPlatforms) = preSolution
		Debug|Any CPU = Debug|Any CPU
		Release|Any CPU = Release|Any CPU
	EndGlobalSection
	GlobalSection(ProjectConfigurationPlatforms) = postSolution
		{ED2C47E2-7837-4FE4-A2CD-BF871718D77D}.Debug|Any CPU.ActiveCfg = Debug|Any CPU
		{ED2C47E2-7837-4FE4-A2CD-BF871718D77D}.Release|Any CPU.ActiveCfg = Release|Any CPU
	EndGlobalSection
	GlobalSection(SolutionProperties) = preSolution
		HideSolutionNode = FALSE
	EndGlobalSection
	GlobalSection(ExtensibilityGlobals) = postSolution
		SolutionGuid = {7D2D08FE-8575-4337-BD15-7F6E9ED4AD19}
	EndGlobalSection
EndGlobal
